
Microsoft Visual Studio Solution File, Format Version 12.00
# Visual Studio Version 17
VisualStudioVersion = 17.5.002.0
MinimumVisualStudioVersion = 10.0.40219.1
Project("{9A19103F-16F7-4668-BE54-9A1E7A4F7556}") = "webapi_02", "webapi_02.csproj", "{93E256BB-E07E-4CE6-806C-373EA33C32DB}"
EndProject
Global
	GlobalSection(SolutionConfigurationPlatforms) = preSolution
		Debug|Any CPU = Debug|Any CPU
		Release|Any CPU = Release|Any CPU
	EndGlobalSection
	GlobalSection(ProjectConfigurationPlatforms) = postSolution
		{93E256BB-E07E-4CE6-806C-373EA33C32DB}.Debug|Any CPU.ActiveCfg = Debug|Any CPU
		{93E256BB-E07E-4CE6-806C-373EA33C32DB}.Debug|Any CPU.Build.0 = Debug|Any CPU
		{93E256BB-E07E-4CE6-806C-373EA33C32DB}.Release|Any CPU.ActiveCfg = Release|Any CPU
		{93E256BB-E07E-4CE6-806C-373EA33C32DB}.Release|Any CPU.Build.0 = Release|Any CPU
	EndGlobalSection
	GlobalSection(SolutionProperties) = preSolution
		HideSolutionNode = FALSE
	EndGlobalSection
	GlobalSection(ExtensibilityGlobals) = postSolution
		SolutionGuid = {6529B25B-CBA1-4E5D-92B4-55CDB96E355C}
	EndGlobalSection
EndGlobal
